// !$*UTF8*$!
{
	archiveVersion = 1;
	classes = {
	};
	objectVersion = 60;
	objects = {

/* Begin PBXBuildFile section */
		15000000000000000000B001 /* ShepherdIOSApp.swift in Sources */ = {isa = PBXBuildFile; fileRef = 15000000000000000000A001 /* ShepherdIOSApp.swift */; };
		15000000000000000000B002 /* HostConnection.swift in Sources */ = {isa = PBXBuildFile; fileRef = 15000000000000000000A002 /* HostConnection.swift */; };
		15000000000000000000B003 /* HostTokenStore.swift in Sources */ = {isa = PBXBuildFile; fileRef = 15000000000000000000A003 /* HostTokenStore.swift */; };
		15000000000000000000B004 /* MobileTokens.swift in Sources */ = {isa = PBXBuildFile; fileRef = 15000000000000000000A004 /* MobileTokens.swift */; };
		15000000000000000000B005 /* HostSettingsView.swift in Sources */ = {isa = PBXBuildFile; fileRef = 15000000000000000000A005 /* HostSettingsView.swift */; };
		15000000000000000000B006 /* FleetView.swift in Sources */ = {isa = PBXBuildFile; fileRef = 15000000000000000000A006 /* FleetView.swift */; };
		15000000000000000000B007 /* ThreadView.swift in Sources */ = {isa = PBXBuildFile; fileRef = 15000000000000000000A007 /* ThreadView.swift */; };
		15000000000000000000B008 /* ThreadStore.swift in Sources */ = {isa = PBXBuildFile; fileRef = 15000000000000000000A008 /* ThreadStore.swift */; };
		15000000000000000000B009 /* ThreadMessageView.swift in Sources */ = {isa = PBXBuildFile; fileRef = 15000000000000000000A009 /* ThreadMessageView.swift */; };
		15000000000000000000B00A /* ThreadDialogView.swift in Sources */ = {isa = PBXBuildFile; fileRef = 15000000000000000000A00A /* ThreadDialogView.swift */; };
		15000000000000000000B101 /* AppIcon.icon in Resources */ = {isa = PBXBuildFile; fileRef = 5E000000000000000000A003 /* AppIcon.icon */; };
		15000000000000000000B201 /* ShepherdCore in Frameworks */ = {isa = PBXBuildFile; productRef = 15000000000000000000C001 /* ShepherdCore */; };
		15000000000000000000B202 /* ShepherdProtocol in Frameworks */ = {isa = PBXBuildFile; productRef = 15000000000000000000C002 /* ShepherdProtocol */; };
		15000000000000000000B203 /* ShepherdRemote in Frameworks */ = {isa = PBXBuildFile; productRef = 15000000000000000000C003 /* ShepherdRemote */; };
		5E000000000000000000B001 /* ShepherdLauncher.swift in Sources */ = {isa = PBXBuildFile; fileRef = 5E000000000000000000A001 /* ShepherdLauncher.swift */; };
		5E000000000000000000B002 /* AppIcon.icon in Resources */ = {isa = PBXBuildFile; fileRef = 5E000000000000000000A003 /* AppIcon.icon */; };
		5E000000000000000000B201 /* ShepherdApp in Frameworks */ = {isa = PBXBuildFile; productRef = 5E000000000000000000C001 /* ShepherdApp */; };
		5E000000000000000000B202 /* ShepherdCore in Frameworks */ = {isa = PBXBuildFile; productRef = 5E000000000000000000C002 /* ShepherdCore */; };
		5E000000000000000000B203 /* ShepherdProtocol in Frameworks */ = {isa = PBXBuildFile; productRef = 5E000000000000000000C003 /* ShepherdProtocol */; };
		5E000000000000000000B204 /* TerminalSurfaceKit in Frameworks */ = {isa = PBXBuildFile; productRef = 5E000000000000000000C004 /* TerminalSurfaceKit */; };
		5E000000000000000000B205 /* shepherd-cli in Embed CLI */ = {isa = PBXBuildFile; productRef = 5E000000000000000000C005 /* shepherd-cli */; settings = {ATTRIBUTES = (CodeSignOnCopy, ); }; };
		B56B8EF13053321600FBF905 /* shepherd-cli in Frameworks */ = {isa = PBXBuildFile; productRef = 5E000000000000000000C005 /* shepherd-cli */; };
/* End PBXBuildFile section */

/* Begin PBXCopyFilesBuildPhase section */
		5E000000000000000000E004 /* Embed CLI */ = {
			isa = PBXCopyFilesBuildPhase;
			buildActionMask = 2147483647;
			dstPath = "";
			dstSubfolderSpec = 6;
			files = (
				5E000000000000000000B205 /* shepherd-cli in Embed CLI */,
			);
			name = "Embed CLI";
			runOnlyForDeploymentPostprocessing = 0;
		};
/* End PBXCopyFilesBuildPhase section */

/* Begin PBXFileReference section */
		15000000000000000000A001 /* ShepherdIOSApp.swift */ = {isa = PBXFileReference; lastKnownFileType = sourcecode.swift; path = ShepherdIOSApp.swift; sourceTree = "<group>"; };
		15000000000000000000A002 /* HostConnection.swift */ = {isa = PBXFileReference; lastKnownFileType = sourcecode.swift; path = HostConnection.swift; sourceTree = "<group>"; };
		15000000000000000000A003 /* HostTokenStore.swift */ = {isa = PBXFileReference; lastKnownFileType = sourcecode.swift; path = HostTokenStore.swift; sourceTree = "<group>"; };
		15000000000000000000A004 /* MobileTokens.swift */ = {isa = PBXFileReference; lastKnownFileType = sourcecode.swift; path = MobileTokens.swift; sourceTree = "<group>"; };
		15000000000000000000A005 /* HostSettingsView.swift */ = {isa = PBXFileReference; lastKnownFileType = sourcecode.swift; path = HostSettingsView.swift; sourceTree = "<group>"; };
		15000000000000000000A006 /* FleetView.swift */ = {isa = PBXFileReference; lastKnownFileType = sourcecode.swift; path = FleetView.swift; sourceTree = "<group>"; };
		15000000000000000000A007 /* ThreadView.swift */ = {isa = PBXFileReference; lastKnownFileType = sourcecode.swift; path = ThreadView.swift; sourceTree = "<group>"; };
		15000000000000000000A008 /* ThreadStore.swift */ = {isa = PBXFileReference; lastKnownFileType = sourcecode.swift; path = ThreadStore.swift; sourceTree = "<group>"; };
		15000000000000000000A009 /* ThreadMessageView.swift */ = {isa = PBXFileReference; lastKnownFileType = sourcecode.swift; path = ThreadMessageView.swift; sourceTree = "<group>"; };
		15000000000000000000A00A /* ThreadDialogView.swift */ = {isa = PBXFileReference; lastKnownFileType = sourcecode.swift; path = ThreadDialogView.swift; sourceTree = "<group>"; };
		15000000000000000000A201 /* Shepherd iOS.app */ = {isa = PBXFileReference; explicitFileType = wrapper.application; includeInIndex = 0; path = "Shepherd iOS.app"; sourceTree = BUILT_PRODUCTS_DIR; };
		5E000000000000000000A001 /* ShepherdLauncher.swift */ = {isa = PBXFileReference; lastKnownFileType = sourcecode.swift; path = ShepherdLauncher.swift; sourceTree = "<group>"; };
		5E000000000000000000A002 /* Info.plist */ = {isa = PBXFileReference; lastKnownFileType = text.plist.xml; path = Info.plist; sourceTree = "<group>"; };
		5E000000000000000000A003 /* AppIcon.icon */ = {isa = PBXFileReference; lastKnownFileType = folder.iconcomposer.icon; path = AppIcon.icon; sourceTree = "<group>"; };
		5E000000000000000000A201 /* Shepherd.app */ = {isa = PBXFileReference; explicitFileType = wrapper.application; includeInIndex = 0; path = Shepherd.app; sourceTree = BUILT_PRODUCTS_DIR; };
/* End PBXFileReference section */

/* Begin PBXFrameworksBuildPhase section */
		15000000000000000000E002 /* Frameworks */ = {
			isa = PBXFrameworksBuildPhase;
			buildActionMask = 2147483647;
			files = (
				15000000000000000000B201 /* ShepherdCore in Frameworks */,
				15000000000000000000B202 /* ShepherdProtocol in Frameworks */,
				15000000000000000000B203 /* ShepherdRemote in Frameworks */,
			);
			runOnlyForDeploymentPostprocessing = 0;
		};
		5E000000000000000000E002 /* Frameworks */ = {
			isa = PBXFrameworksBuildPhase;
			buildActionMask = 2147483647;
			files = (
				B56B8EF13053321600FBF905 /* shepherd-cli in Frameworks */,
				5E000000000000000000B201 /* ShepherdApp in Frameworks */,
				5E000000000000000000B202 /* ShepherdCore in Frameworks */,
				5E000000000000000000B203 /* ShepherdProtocol in Frameworks */,
				5E000000000000000000B204 /* TerminalSurfaceKit in Frameworks */,
			);
			runOnlyForDeploymentPostprocessing = 0;
		};
/* End PBXFrameworksBuildPhase section */

/* Begin PBXGroup section */
		15000000000000000000D001 /* iOS */ = {
			isa = PBXGroup;
			children = (
				15000000000000000000A001 /* ShepherdIOSApp.swift */,
				15000000000000000000A002 /* HostConnection.swift */,
				15000000000000000000A003 /* HostTokenStore.swift */,
				15000000000000000000A004 /* MobileTokens.swift */,
				15000000000000000000A005 /* HostSettingsView.swift */,
				15000000000000000000A006 /* FleetView.swift */,
				15000000000000000000A007 /* ThreadView.swift */,
				15000000000000000000A00A /* ThreadDialogView.swift */,
				15000000000000000000A009 /* ThreadMessageView.swift */,
				15000000000000000000A008 /* ThreadStore.swift */,
			);
			path = iOS;
			sourceTree = "<group>";
		};
		5E000000000000000000D001 = {
			isa = PBXGroup;
			children = (
				5E000000000000000000D002 /* App */,
				5E000000000000000000D005 /* Products */,
			);
			sourceTree = "<group>";
		};
		5E000000000000000000D002 /* App */ = {
			isa = PBXGroup;
			children = (
				15000000000000000000D001 /* iOS */,
				5E000000000000000000A001 /* ShepherdLauncher.swift */,
				5E000000000000000000A002 /* Info.plist */,
				5E000000000000000000A003 /* AppIcon.icon */,
			);
			path = App;
			sourceTree = "<group>";
		};
		5E000000000000000000D005 /* Products */ = {
			isa = PBXGroup;
			children = (
				5E000000000000000000A201 /* Shepherd.app */,
				15000000000000000000A201 /* Shepherd iOS.app */,
			);
			name = Products;
			sourceTree = "<group>";
		};
/* End PBXGroup section */

/* Begin PBXNativeTarget section */
		15000000000000000000F001 /* Shepherd iOS */ = {
			isa = PBXNativeTarget;
			buildConfigurationList = 15000000000000000000F101 /* Build configuration list for PBXNativeTarget "Shepherd iOS" */;
			buildPhases = (
				15000000000000000000E001 /* Sources */,
				15000000000000000000E002 /* Frameworks */,
				15000000000000000000E003 /* Resources */,
			);
			buildRules = (
			);
			dependencies = (
			);
			name = "Shepherd iOS";
			packageProductDependencies = (
				15000000000000000000C001 /* ShepherdCore */,
				15000000000000000000C002 /* ShepherdProtocol */,
				15000000000000000000C003 /* ShepherdRemote */,
			);
			productName = "Shepherd iOS";
			productReference = 15000000000000000000A201 /* Shepherd iOS.app */;
			productType = "com.apple.product-type.application";
		};
		5E000000000000000000F001 /* Shepherd */ = {
			isa = PBXNativeTarget;
			buildConfigurationList = 5E000000000000000000F101 /* Build configuration list for PBXNativeTarget "Shepherd" */;
			buildPhases = (
				5E000000000000000000E001 /* Sources */,
				5E000000000000000000E002 /* Frameworks */,
				5E000000000000000000E003 /* Resources */,
				5E000000000000000000E004 /* Embed CLI */,
			);
			buildRules = (
			);
			dependencies = (
			);
			name = Shepherd;
			packageProductDependencies = (
				5E000000000000000000C001 /* ShepherdApp */,
				5E000000000000000000C002 /* ShepherdCore */,
				5E000000000000000000C003 /* ShepherdProtocol */,
				5E000000000000000000C004 /* TerminalSurfaceKit */,
				5E000000000000000000C005 /* shepherd-cli */,
			);
			productName = Shepherd;
			productReference = 5E000000000000000000A201 /* Shepherd.app */;
			productType = "com.apple.product-type.application";
		};
/* End PBXNativeTarget section */

/* Begin PBXProject section */
		5E000000000000000000F000 /* Project object */ = {
			isa = PBXProject;
			attributes = {
				BuildIndependentTargetsInParallel = 1;
				LastSwiftUpdateCheck = 1500;
				LastUpgradeCheck = 1500;
				TargetAttributes = {
					5E000000000000000000F001 = {
						CreatedOnToolsVersion = 15.0;
					};
				};
			};
			buildConfigurationList = 5E000000000000000000F100 /* Build configuration list for PBXProject "Shepherd" */;
			compatibilityVersion = "Xcode 15.0";
			developmentRegion = en;
			hasScannedForEncodings = 0;
			knownRegions = (
				en,
				Base,
			);
			mainGroup = 5E000000000000000000D001;
			packageReferences = (
				5E000000000000000000F200 /* XCLocalSwiftPackageReference "." */,
			);
			productRefGroup = 5E000000000000000000D005 /* Products */;
			projectDirPath = "";
			projectRoot = "";
			targets = (
				5E000000000000000000F001 /* Shepherd */,
				15000000000000000000F001 /* Shepherd iOS */,
			);
		};
/* End PBXProject section */

/* Begin PBXResourcesBuildPhase section */
		15000000000000000000E003 /* Resources */ = {
			isa = PBXResourcesBuildPhase;
			buildActionMask = 2147483647;
			files = (
				15000000000000000000B101 /* AppIcon.icon in Resources */,
			);
			runOnlyForDeploymentPostprocessing = 0;
		};
		5E000000000000000000E003 /* Resources */ = {
			isa = PBXResourcesBuildPhase;
			buildActionMask = 2147483647;
			files = (
				5E000000000000000000B002 /* AppIcon.icon in Resources */,
			);
			runOnlyForDeploymentPostprocessing = 0;
		};
/* End PBXResourcesBuildPhase section */

/* Begin PBXSourcesBuildPhase section */
		15000000000000000000E001 /* Sources */ = {
			isa = PBXSourcesBuildPhase;
			buildActionMask = 2147483647;
			files = (
				15000000000000000000B001 /* ShepherdIOSApp.swift in Sources */,
				15000000000000000000B002 /* HostConnection.swift in Sources */,
				15000000000000000000B003 /* HostTokenStore.swift in Sources */,
				15000000000000000000B004 /* MobileTokens.swift in Sources */,
				15000000000000000000B005 /* HostSettingsView.swift in Sources */,
				15000000000000000000B006 /* FleetView.swift in Sources */,
				15000000000000000000B007 /* ThreadView.swift in Sources */,
				15000000000000000000B00A /* ThreadDialogView.swift in Sources */,
				15000000000000000000B009 /* ThreadMessageView.swift in Sources */,
				15000000000000000000B008 /* ThreadStore.swift in Sources */,
			);
			runOnlyForDeploymentPostprocessing = 0;
		};
		5E000000000000000000E001 /* Sources */ = {
			isa = PBXSourcesBuildPhase;
			buildActionMask = 2147483647;
			files = (
				5E000000000000000000B001 /* ShepherdLauncher.swift in Sources */,
			);
			runOnlyForDeploymentPostprocessing = 0;
		};
/* End PBXSourcesBuildPhase section */

/* Begin XCBuildConfiguration section */
		15000000000000000000F311 /* Debug */ = {
			isa = XCBuildConfiguration;
			buildSettings = {
				ASSETCATALOG_COMPILER_APPICON_NAME = AppIcon;
				CODE_SIGN_STYLE = Automatic;
				CURRENT_PROJECT_VERSION = 1;
				DEVELOPMENT_TEAM = 4J6D7M7D79;
				GENERATE_INFOPLIST_FILE = YES;
				INFOPLIST_KEY_CFBundleDisplayName = Shepherd;
				INFOPLIST_KEY_NSLocalNetworkUsageDescription = "Connect to your Shepherd Mac on a trusted LAN or VPN to browse and supervise its agents.";
				INFOPLIST_KEY_UIApplicationSceneManifest_Generation = YES;
				INFOPLIST_KEY_UILaunchScreen_Generation = YES;
				INFOPLIST_KEY_UISupportedInterfaceOrientations = "UIInterfaceOrientationPortrait UIInterfaceOrientationLandscapeLeft UIInterfaceOrientationLandscapeRight";
				INFOPLIST_KEY_UISupportedInterfaceOrientations_iPad = "UIInterfaceOrientationPortrait UIInterfaceOrientationPortraitUpsideDown UIInterfaceOrientationLandscapeLeft UIInterfaceOrientationLandscapeRight";
				IPHONEOS_DEPLOYMENT_TARGET = 27.0;
				LD_RUNPATH_SEARCH_PATHS = (
					"$(inherited)",
					"@executable_path/Frameworks",
				);
				MARKETING_VERSION = 0.1.0;
				PRODUCT_BUNDLE_IDENTIFIER = com.bailycase.shepherd.ios;
				PRODUCT_NAME = "$(TARGET_NAME)";
				SDKROOT = iphoneos;
				SUPPORTED_PLATFORMS = "iphoneos iphonesimulator";
				SUPPORTS_MACCATALYST = NO;
				SUPPORTS_MAC_DESIGNED_FOR_IPHONE_IPAD = NO;
				SWIFT_VERSION = 5.0;
				TARGETED_DEVICE_FAMILY = "1,2";
			};
			name = Debug;
		};
		15000000000000000000F312 /* Release */ = {
			isa = XCBuildConfiguration;
			buildSettings = {
				ASSETCATALOG_COMPILER_APPICON_NAME = AppIcon;
				CODE_SIGN_STYLE = Automatic;
				CURRENT_PROJECT_VERSION = 1;
				DEVELOPMENT_TEAM = 4J6D7M7D79;
				GENERATE_INFOPLIST_FILE = YES;
				INFOPLIST_KEY_CFBundleDisplayName = Shepherd;
				INFOPLIST_KEY_NSLocalNetworkUsageDescription = "Connect to your Shepherd Mac on a trusted LAN or VPN to browse and supervise its agents.";
				INFOPLIST_KEY_UIApplicationSceneManifest_Generation = YES;
				INFOPLIST_KEY_UILaunchScreen_Generation = YES;
				INFOPLIST_KEY_UISupportedInterfaceOrientations = "UIInterfaceOrientationPortrait UIInterfaceOrientationLandscapeLeft UIInterfaceOrientationLandscapeRight";
				INFOPLIST_KEY_UISupportedInterfaceOrientations_iPad = "UIInterfaceOrientationPortrait UIInterfaceOrientationPortraitUpsideDown UIInterfaceOrientationLandscapeLeft UIInterfaceOrientationLandscapeRight";
				IPHONEOS_DEPLOYMENT_TARGET = 27.0;
				LD_RUNPATH_SEARCH_PATHS = (
					"$(inherited)",
					"@executable_path/Frameworks",
				);
				MARKETING_VERSION = 0.1.0;
				PRODUCT_BUNDLE_IDENTIFIER = com.bailycase.shepherd.ios;
				PRODUCT_NAME = "$(TARGET_NAME)";
				SDKROOT = iphoneos;
				SUPPORTED_PLATFORMS = "iphoneos iphonesimulator";
				SUPPORTS_MACCATALYST = NO;
				SUPPORTS_MAC_DESIGNED_FOR_IPHONE_IPAD = NO;
				SWIFT_VERSION = 5.0;
				TARGETED_DEVICE_FAMILY = "1,2";
			};
			name = Release;
		};
		5E000000000000000000F301 /* Debug */ = {
			isa = XCBuildConfiguration;
			buildSettings = {
				ALWAYS_SEARCH_USER_PATHS = NO;
				CLANG_ENABLE_MODULES = YES;
				CLANG_ENABLE_OBJC_ARC = YES;
				COPY_PHASE_STRIP = NO;
				DEBUG_INFORMATION_FORMAT = dwarf;
				ENABLE_STRICT_OBJC_MSGSEND = YES;
				ENABLE_TESTABILITY = YES;
				GCC_C_LANGUAGE_STANDARD = gnu17;
				GCC_DYNAMIC_NO_PIC = NO;
				GCC_NO_COMMON_BLOCKS = YES;
				GCC_OPTIMIZATION_LEVEL = 0;
				GCC_PREPROCESSOR_DEFINITIONS = (
					"DEBUG=1",
					"$(inherited)",
				);
				MTL_ENABLE_DEBUG_INFO = INCLUDE_SOURCE;
				MTL_FAST_MATH = YES;
				ONLY_ACTIVE_ARCH = YES;
				SWIFT_ACTIVE_COMPILATION_CONDITIONS = "DEBUG $(inherited)";
				SWIFT_OPTIMIZATION_LEVEL = "-Onone";
			};
			name = Debug;
		};
		5E000000000000000000F302 /* Release */ = {
			isa = XCBuildConfiguration;
			buildSettings = {
				ALWAYS_SEARCH_USER_PATHS = NO;
				CLANG_ENABLE_MODULES = YES;
				CLANG_ENABLE_OBJC_ARC = YES;
				COPY_PHASE_STRIP = NO;
				DEBUG_INFORMATION_FORMAT = "dwarf-with-dsym";
				ENABLE_NS_ASSERTIONS = NO;
				ENABLE_STRICT_OBJC_MSGSEND = YES;
				GCC_C_LANGUAGE_STANDARD = gnu17;
				GCC_NO_COMMON_BLOCKS = YES;
				MTL_ENABLE_DEBUG_INFO = NO;
				MTL_FAST_MATH = YES;
				SWIFT_COMPILATION_MODE = wholemodule;
				SWIFT_OPTIMIZATION_LEVEL = "-O";
			};
			name = Release;
		};
		5E000000000000000000F311 /* Debug */ = {
			isa = XCBuildConfiguration;
			buildSettings = {
				ASSETCATALOG_COMPILER_APPICON_NAME = AppIcon;
				AUTOMATION_APPLE_EVENTS = NO;
				"CODE_SIGN_IDENTITY[sdk=macosx*]" = "-";
				CODE_SIGN_STYLE = Automatic;
				COMBINE_HIDPI_IMAGES = YES;
				CURRENT_PROJECT_VERSION = 1;
				ENABLE_HARDENED_RUNTIME = YES;
				ENABLE_RESOURCE_ACCESS_AUDIO_INPUT = NO;
				ENABLE_RESOURCE_ACCESS_CALENDARS = NO;
				ENABLE_RESOURCE_ACCESS_CAMERA = NO;
				ENABLE_RESOURCE_ACCESS_CONTACTS = NO;
				ENABLE_RESOURCE_ACCESS_LOCATION = NO;
				ENABLE_RESOURCE_ACCESS_PHOTO_LIBRARY = NO;
				ENABLE_USER_SCRIPT_SANDBOXING = NO;
				GENERATE_INFOPLIST_FILE = NO;
				INFOPLIST_FILE = App/Info.plist;
				LD_RUNPATH_SEARCH_PATHS = (
					"$(inherited)",
					"@executable_path/../Frameworks",
				);
				MACOSX_DEPLOYMENT_TARGET = 26.0;
				MARKETING_VERSION = 0.1.0;
				PRODUCT_BUNDLE_IDENTIFIER = com.bailycase.shepherd;
				PRODUCT_NAME = Shepherd;
				RUNTIME_EXCEPTION_ALLOW_DYLD_ENVIRONMENT_VARIABLES = NO;
				RUNTIME_EXCEPTION_ALLOW_JIT = NO;
				RUNTIME_EXCEPTION_ALLOW_UNSIGNED_EXECUTABLE_MEMORY = NO;
				RUNTIME_EXCEPTION_DEBUGGING_TOOL = NO;
				RUNTIME_EXCEPTION_DISABLE_EXECUTABLE_PAGE_PROTECTION = NO;
				RUNTIME_EXCEPTION_DISABLE_LIBRARY_VALIDATION = NO;
				SDKROOT = macosx;
				SWIFT_VERSION = 5.0;
			};
			name = Debug;
		};
		5E000000000000000000F312 /* Release */ = {
			isa = XCBuildConfiguration;
			buildSettings = {
				ASSETCATALOG_COMPILER_APPICON_NAME = AppIcon;
				AUTOMATION_APPLE_EVENTS = NO;
				"CODE_SIGN_IDENTITY[sdk=macosx*]" = "-";
				CODE_SIGN_STYLE = Automatic;
				COMBINE_HIDPI_IMAGES = YES;
				CURRENT_PROJECT_VERSION = 1;
				ENABLE_HARDENED_RUNTIME = YES;
				ENABLE_RESOURCE_ACCESS_AUDIO_INPUT = NO;
				ENABLE_RESOURCE_ACCESS_CALENDARS = NO;
				ENABLE_RESOURCE_ACCESS_CAMERA = NO;
				ENABLE_RESOURCE_ACCESS_CONTACTS = NO;
				ENABLE_RESOURCE_ACCESS_LOCATION = NO;
				ENABLE_RESOURCE_ACCESS_PHOTO_LIBRARY = NO;
				ENABLE_USER_SCRIPT_SANDBOXING = NO;
				GENERATE_INFOPLIST_FILE = NO;
				INFOPLIST_FILE = App/Info.plist;
				LD_RUNPATH_SEARCH_PATHS = (
					"$(inherited)",
					"@executable_path/../Frameworks",
				);
				MACOSX_DEPLOYMENT_TARGET = 26.0;
				MARKETING_VERSION = 0.1.0;
				PRODUCT_BUNDLE_IDENTIFIER = com.bailycase.shepherd;
				PRODUCT_NAME = Shepherd;
				RUNTIME_EXCEPTION_ALLOW_DYLD_ENVIRONMENT_VARIABLES = NO;
				RUNTIME_EXCEPTION_ALLOW_JIT = NO;
				RUNTIME_EXCEPTION_ALLOW_UNSIGNED_EXECUTABLE_MEMORY = NO;
				RUNTIME_EXCEPTION_DEBUGGING_TOOL = NO;
				RUNTIME_EXCEPTION_DISABLE_EXECUTABLE_PAGE_PROTECTION = NO;
				RUNTIME_EXCEPTION_DISABLE_LIBRARY_VALIDATION = NO;
				SDKROOT = macosx;
				SWIFT_VERSION = 5.0;
			};
			name = Release;
		};
/* End XCBuildConfiguration section */

/* Begin XCConfigurationList section */
		15000000000000000000F101 /* Build configuration list for PBXNativeTarget "Shepherd iOS" */ = {
			isa = XCConfigurationList;
			buildConfigurations = (
				15000000000000000000F311 /* Debug */,
				15000000000000000000F312 /* Release */,
			);
			defaultConfigurationIsVisible = 0;
			defaultConfigurationName = Release;
		};
		5E000000000000000000F100 /* Build configuration list for PBXProject "Shepherd" */ = {
			isa = XCConfigurationList;
			buildConfigurations = (
				5E000000000000000000F301 /* Debug */,
				5E000000000000000000F302 /* Release */,
			);
			defaultConfigurationIsVisible = 0;
			defaultConfigurationName = Release;
		};
		5E000000000000000000F101 /* Build configuration list for PBXNativeTarget "Shepherd" */ = {
			isa = XCConfigurationList;
			buildConfigurations = (
				5E000000000000000000F311 /* Debug */,
				5E000000000000000000F312 /* Release */,
			);
			defaultConfigurationIsVisible = 0;
			defaultConfigurationName = Release;
		};
/* End XCConfigurationList section */

/* Begin XCLocalSwiftPackageReference section */
		5E000000000000000000F200 /* XCLocalSwiftPackageReference "." */ = {
			isa = XCLocalSwiftPackageReference;
			relativePath = .;
		};
/* End XCLocalSwiftPackageReference section */

/* Begin XCSwiftPackageProductDependency section */
		15000000000000000000C001 /* ShepherdCore */ = {
			isa = XCSwiftPackageProductDependency;
			productName = ShepherdCore;
		};
		15000000000000000000C002 /* ShepherdProtocol */ = {
			isa = XCSwiftPackageProductDependency;
			productName = ShepherdProtocol;
		};
		15000000000000000000C003 /* ShepherdRemote */ = {
			isa = XCSwiftPackageProductDependency;
			productName = ShepherdRemote;
		};
		5E000000000000000000C001 /* ShepherdApp */ = {
			isa = XCSwiftPackageProductDependency;
			productName = ShepherdApp;
		};
		5E000000000000000000C002 /* ShepherdCore */ = {
			isa = XCSwiftPackageProductDependency;
			productName = ShepherdCore;
		};
		5E000000000000000000C003 /* ShepherdProtocol */ = {
			isa = XCSwiftPackageProductDependency;
			productName = ShepherdProtocol;
		};
		5E000000000000000000C004 /* TerminalSurfaceKit */ = {
			isa = XCSwiftPackageProductDependency;
			productName = TerminalSurfaceKit;
		};
		5E000000000000000000C005 /* shepherd-cli */ = {
			isa = XCSwiftPackageProductDependency;
			productName = "shepherd-cli";
		};
/* End XCSwiftPackageProductDependency section */
	};
	rootObject = 5E000000000000000000F000 /* Project object */;
}
