// !$*UTF8*$!
{
	archiveVersion = 1;
	classes = {
	};
	objectVersion = 60;
	objects = {

/* Begin PBXBuildFile section */
		5E000000000000000000B001 /* ShepherdLauncher.swift in Sources */ = {isa = PBXBuildFile; fileRef = 5E000000000000000000A001 /* ShepherdLauncher.swift */; };
		5E000000000000000000B002 /* AppIcon.icon in Resources */ = {isa = PBXBuildFile; fileRef = 5E000000000000000000A003 /* AppIcon.icon */; };
		5E000000000000000000B201 /* ShepherdApp in Frameworks */ = {isa = PBXBuildFile; productRef = 5E000000000000000000C001 /* ShepherdApp */; };
		5E000000000000000000B202 /* ShepherdCore in Frameworks */ = {isa = PBXBuildFile; productRef = 5E000000000000000000C002 /* ShepherdCore */; };
		5E000000000000000000B203 /* ShepherdProtocol in Frameworks */ = {isa = PBXBuildFile; productRef = 5E000000000000000000C003 /* ShepherdProtocol */; };
		5E000000000000000000B204 /* TerminalSurfaceKit in Frameworks */ = {isa = PBXBuildFile; productRef = 5E000000000000000000C004 /* TerminalSurfaceKit */; };
/* End PBXBuildFile section */

/* Begin PBXFileReference section */
		5E000000000000000000A001 /* ShepherdLauncher.swift */ = {isa = PBXFileReference; lastKnownFileType = sourcecode.swift; path = ShepherdLauncher.swift; sourceTree = "<group>"; };
		5E000000000000000000A002 /* Info.plist */ = {isa = PBXFileReference; lastKnownFileType = text.plist.xml; path = Info.plist; sourceTree = "<group>"; };
		5E000000000000000000A003 /* AppIcon.icon */ = {isa = PBXFileReference; lastKnownFileType = folder.iconcomposer.icon; path = AppIcon.icon; sourceTree = "<group>"; };
		5E000000000000000000A201 /* Shepherd.app */ = {isa = PBXFileReference; explicitFileType = wrapper.application; includeInIndex = 0; path = Shepherd.app; sourceTree = BUILT_PRODUCTS_DIR; };
/* End PBXFileReference section */

/* Begin PBXFrameworksBuildPhase section */
		5E000000000000000000E002 /* Frameworks */ = {
			isa = PBXFrameworksBuildPhase;
			buildActionMask = 2147483647;
			files = (
				5E000000000000000000B201 /* ShepherdApp in Frameworks */,
				5E000000000000000000B202 /* ShepherdCore in Frameworks */,
				5E000000000000000000B203 /* ShepherdProtocol in Frameworks */,
				5E000000000000000000B204 /* TerminalSurfaceKit in Frameworks */,
			);
			runOnlyForDeploymentPostprocessing = 0;
		};
/* End PBXFrameworksBuildPhase section */

/* Begin PBXGroup section */
		5E000000000000000000D001 = {
			isa = PBXGroup;
			children = (
				5E000000000000000000D002 /* App */,
				5E000000000000000000D005 /* Products */,
			);
			sourceTree = "<group>";
		};
		5E000000000000000000D002 /* App */ = {
			isa = PBXGroup;
			children = (
				5E000000000000000000A001 /* ShepherdLauncher.swift */,
				5E000000000000000000A002 /* Info.plist */,
				5E000000000000000000A003 /* AppIcon.icon */,
			);
			path = App;
			sourceTree = "<group>";
		};
		5E000000000000000000D005 /* Products */ = {
			isa = PBXGroup;
			children = (
				5E000000000000000000A201 /* Shepherd.app */,
			);
			name = Products;
			sourceTree = "<group>";
		};
/* End PBXGroup section */

/* Begin PBXNativeTarget section */
		5E000000000000000000F001 /* Shepherd */ = {
			isa = PBXNativeTarget;
			buildConfigurationList = 5E000000000000000000F101 /* Build configuration list for PBXNativeTarget "Shepherd" */;
			buildPhases = (
				5E000000000000000000E001 /* Sources */,
				5E000000000000000000E002 /* Frameworks */,
				5E000000000000000000E003 /* Resources */,
			);
			buildRules = (
			);
			dependencies = (
			);
			name = Shepherd;
			packageProductDependencies = (
				5E000000000000000000C001 /* ShepherdApp */,
				5E000000000000000000C002 /* ShepherdCore */,
				5E000000000000000000C003 /* ShepherdProtocol */,
				5E000000000000000000C004 /* TerminalSurfaceKit */,
			);
			productName = Shepherd;
			productReference = 5E000000000000000000A201 /* Shepherd.app */;
			productType = "com.apple.product-type.application";
		};
/* End PBXNativeTarget section */

/* Begin PBXProject section */
		5E000000000000000000F000 /* Project object */ = {
			isa = PBXProject;
			attributes = {
				BuildIndependentTargetsInParallel = 1;
				LastSwiftUpdateCheck = 1500;
				LastUpgradeCheck = 1500;
				TargetAttributes = {
					5E000000000000000000F001 = {
						CreatedOnToolsVersion = 15.0;
					};
				};
			};
			buildConfigurationList = 5E000000000000000000F100 /* Build configuration list for PBXProject "Shepherd" */;
			compatibilityVersion = "Xcode 15.0";
			developmentRegion = en;
			hasScannedForEncodings = 0;
			knownRegions = (
				en,
				Base,
			);
			mainGroup = 5E000000000000000000D001;
			packageReferences = (
				5E000000000000000000F200 /* XCLocalSwiftPackageReference "." */,
			);
			productRefGroup = 5E000000000000000000D005 /* Products */;
			projectDirPath = "";
			projectRoot = "";
			targets = (
				5E000000000000000000F001 /* Shepherd */,
			);
		};
/* End PBXProject section */

/* Begin PBXResourcesBuildPhase section */
		5E000000000000000000E003 /* Resources */ = {
			isa = PBXResourcesBuildPhase;
			buildActionMask = 2147483647;
			files = (
				5E000000000000000000B002 /* AppIcon.icon in Resources */,
			);
			runOnlyForDeploymentPostprocessing = 0;
		};
/* End PBXResourcesBuildPhase section */

/* Begin PBXSourcesBuildPhase section */
		5E000000000000000000E001 /* Sources */ = {
			isa = PBXSourcesBuildPhase;
			buildActionMask = 2147483647;
			files = (
				5E000000000000000000B001 /* ShepherdLauncher.swift in Sources */,
			);
			runOnlyForDeploymentPostprocessing = 0;
		};
/* End PBXSourcesBuildPhase section */

/* Begin XCBuildConfiguration section */
		5E000000000000000000F301 /* Debug */ = {
			isa = XCBuildConfiguration;
			buildSettings = {
				ALWAYS_SEARCH_USER_PATHS = NO;
				CLANG_ENABLE_MODULES = YES;
				CLANG_ENABLE_OBJC_ARC = YES;
				COPY_PHASE_STRIP = NO;
				DEBUG_INFORMATION_FORMAT = dwarf;
				ENABLE_STRICT_OBJC_MSGSEND = YES;
				ENABLE_TESTABILITY = YES;
				GCC_C_LANGUAGE_STANDARD = gnu17;
				GCC_DYNAMIC_NO_PIC = NO;
				GCC_NO_COMMON_BLOCKS = YES;
				GCC_OPTIMIZATION_LEVEL = 0;
				GCC_PREPROCESSOR_DEFINITIONS = (
					"DEBUG=1",
					"$(inherited)",
				);
				MTL_ENABLE_DEBUG_INFO = INCLUDE_SOURCE;
				MTL_FAST_MATH = YES;
				ONLY_ACTIVE_ARCH = YES;
				SWIFT_ACTIVE_COMPILATION_CONDITIONS = "DEBUG $(inherited)";
				SWIFT_OPTIMIZATION_LEVEL = "-Onone";
			};
			name = Debug;
		};
		5E000000000000000000F302 /* Release */ = {
			isa = XCBuildConfiguration;
			buildSettings = {
				ALWAYS_SEARCH_USER_PATHS = NO;
				CLANG_ENABLE_MODULES = YES;
				CLANG_ENABLE_OBJC_ARC = YES;
				COPY_PHASE_STRIP = NO;
				DEBUG_INFORMATION_FORMAT = "dwarf-with-dsym";
				ENABLE_NS_ASSERTIONS = NO;
				ENABLE_STRICT_OBJC_MSGSEND = YES;
				GCC_C_LANGUAGE_STANDARD = gnu17;
				GCC_NO_COMMON_BLOCKS = YES;
				MTL_ENABLE_DEBUG_INFO = NO;
				MTL_FAST_MATH = YES;
				SWIFT_COMPILATION_MODE = wholemodule;
				SWIFT_OPTIMIZATION_LEVEL = "-O";
			};
			name = Release;
		};
		5E000000000000000000F311 /* Debug */ = {
			isa = XCBuildConfiguration;
			buildSettings = {
				ASSETCATALOG_COMPILER_APPICON_NAME = AppIcon;
				AUTOMATION_APPLE_EVENTS = NO;
				"CODE_SIGN_IDENTITY[sdk=macosx*]" = "-";
				CODE_SIGN_STYLE = Automatic;
				COMBINE_HIDPI_IMAGES = YES;
				CURRENT_PROJECT_VERSION = 1;
				ENABLE_HARDENED_RUNTIME = YES;
				ENABLE_RESOURCE_ACCESS_AUDIO_INPUT = NO;
				ENABLE_RESOURCE_ACCESS_CALENDARS = NO;
				ENABLE_RESOURCE_ACCESS_CAMERA = NO;
				ENABLE_RESOURCE_ACCESS_CONTACTS = NO;
				ENABLE_RESOURCE_ACCESS_LOCATION = NO;
				ENABLE_RESOURCE_ACCESS_PHOTO_LIBRARY = NO;
				ENABLE_USER_SCRIPT_SANDBOXING = NO;
				GENERATE_INFOPLIST_FILE = NO;
				INFOPLIST_FILE = App/Info.plist;
				LD_RUNPATH_SEARCH_PATHS = (
					"$(inherited)",
					"@executable_path/../Frameworks",
				);
				MACOSX_DEPLOYMENT_TARGET = 26.0;
				MARKETING_VERSION = 0.1.0;
				PRODUCT_BUNDLE_IDENTIFIER = com.bailycase.shepherd;
				PRODUCT_NAME = Shepherd;
				RUNTIME_EXCEPTION_ALLOW_DYLD_ENVIRONMENT_VARIABLES = NO;
				RUNTIME_EXCEPTION_ALLOW_JIT = NO;
				RUNTIME_EXCEPTION_ALLOW_UNSIGNED_EXECUTABLE_MEMORY = NO;
				RUNTIME_EXCEPTION_DEBUGGING_TOOL = NO;
				RUNTIME_EXCEPTION_DISABLE_EXECUTABLE_PAGE_PROTECTION = NO;
				RUNTIME_EXCEPTION_DISABLE_LIBRARY_VALIDATION = NO;
				SDKROOT = macosx;
				SWIFT_VERSION = 5.0;
			};
			name = Debug;
		};
		5E000000000000000000F312 /* Release */ = {
			isa = XCBuildConfiguration;
			buildSettings = {
				ASSETCATALOG_COMPILER_APPICON_NAME = AppIcon;
				AUTOMATION_APPLE_EVENTS = NO;
				"CODE_SIGN_IDENTITY[sdk=macosx*]" = "-";
				CODE_SIGN_STYLE = Automatic;
				COMBINE_HIDPI_IMAGES = YES;
				CURRENT_PROJECT_VERSION = 1;
				ENABLE_HARDENED_RUNTIME = YES;
				ENABLE_RESOURCE_ACCESS_AUDIO_INPUT = NO;
				ENABLE_RESOURCE_ACCESS_CALENDARS = NO;
				ENABLE_RESOURCE_ACCESS_CAMERA = NO;
				ENABLE_RESOURCE_ACCESS_CONTACTS = NO;
				ENABLE_RESOURCE_ACCESS_LOCATION = NO;
				ENABLE_RESOURCE_ACCESS_PHOTO_LIBRARY = NO;
				ENABLE_USER_SCRIPT_SANDBOXING = NO;
				GENERATE_INFOPLIST_FILE = NO;
				INFOPLIST_FILE = App/Info.plist;
				LD_RUNPATH_SEARCH_PATHS = (
					"$(inherited)",
					"@executable_path/../Frameworks",
				);
				MACOSX_DEPLOYMENT_TARGET = 26.0;
				MARKETING_VERSION = 0.1.0;
				PRODUCT_BUNDLE_IDENTIFIER = com.bailycase.shepherd;
				PRODUCT_NAME = Shepherd;
				RUNTIME_EXCEPTION_ALLOW_DYLD_ENVIRONMENT_VARIABLES = NO;
				RUNTIME_EXCEPTION_ALLOW_JIT = NO;
				RUNTIME_EXCEPTION_ALLOW_UNSIGNED_EXECUTABLE_MEMORY = NO;
				RUNTIME_EXCEPTION_DEBUGGING_TOOL = NO;
				RUNTIME_EXCEPTION_DISABLE_EXECUTABLE_PAGE_PROTECTION = NO;
				RUNTIME_EXCEPTION_DISABLE_LIBRARY_VALIDATION = NO;
				SDKROOT = macosx;
				SWIFT_VERSION = 5.0;
			};
			name = Release;
		};
/* End XCBuildConfiguration section */

/* Begin XCConfigurationList section */
		5E000000000000000000F100 /* Build configuration list for PBXProject "Shepherd" */ = {
			isa = XCConfigurationList;
			buildConfigurations = (
				5E000000000000000000F301 /* Debug */,
				5E000000000000000000F302 /* Release */,
			);
			defaultConfigurationIsVisible = 0;
			defaultConfigurationName = Release;
		};
		5E000000000000000000F101 /* Build configuration list for PBXNativeTarget "Shepherd" */ = {
			isa = XCConfigurationList;
			buildConfigurations = (
				5E000000000000000000F311 /* Debug */,
				5E000000000000000000F312 /* Release */,
			);
			defaultConfigurationIsVisible = 0;
			defaultConfigurationName = Release;
		};
/* End XCConfigurationList section */

/* Begin XCLocalSwiftPackageReference section */
		5E000000000000000000F200 /* XCLocalSwiftPackageReference "." */ = {
			isa = XCLocalSwiftPackageReference;
			relativePath = .;
		};
/* End XCLocalSwiftPackageReference section */

/* Begin XCSwiftPackageProductDependency section */
		5E000000000000000000C001 /* ShepherdApp */ = {
			isa = XCSwiftPackageProductDependency;
			productName = ShepherdApp;
		};
		5E000000000000000000C002 /* ShepherdCore */ = {
			isa = XCSwiftPackageProductDependency;
			productName = ShepherdCore;
		};
		5E000000000000000000C003 /* ShepherdProtocol */ = {
			isa = XCSwiftPackageProductDependency;
			productName = ShepherdProtocol;
		};
		5E000000000000000000C004 /* TerminalSurfaceKit */ = {
			isa = XCSwiftPackageProductDependency;
			productName = TerminalSurfaceKit;
		};
/* End XCSwiftPackageProductDependency section */
	};
	rootObject = 5E000000000000000000F000 /* Project object */;
}
